{
  "name": "cordova-plugin-qrscanner",
  "version": "3.0.5",
  "lockfileVersion": 3,
  "requires": true,
  "packages": {
    "": {
      "name": "cordova-plugin-qrscanner",
      "version": "3.0.5",
      "license": "MIT",
      "dependencies": {
        "qrcode-reader": "^1.0.4",
        "webrtc-adapter": "^3.1.4"
      },
      "devDependencies": {
        "raw-loader": "^0.5.1"
      }
    },
    "node_modules/qrcode-reader": {
      "version": "1.0.4",
      "resolved": "https://registry.npmjs.org/qrcode-reader/-/qrcode-reader-1.0.4.tgz",
      "integrity": "sha512-rRjALGNh9zVqvweg1j5OKIQKNsw3bLC+7qwlnead5K/9cb1cEIAGkwikt/09U0K+2IDWGD9CC6SP7tHAjUeqvQ=="
    },
    "node_modules/raw-loader": {
      "version": "0.5.1",
      "resolved": "https://registry.npmjs.org/raw-loader/-/raw-loader-0.5.1.tgz",
      "integrity": "sha512-sf7oGoLuaYAScB4VGr0tzetsYlS8EJH6qnTCfQ/WVEa89hALQ4RQfCKt5xCyPQKPDUbVUAIP1QsxAwfAjlDp7Q==",
      "dev": true
    },
    "node_modules/sdp": {
      "version": "1.5.4",
      "resolved": "https://registry.npmjs.org/sdp/-/sdp-1.5.4.tgz",
      "integrity": "sha512-9x0+fpJHW2bbqtIktmL+H9m+BswgurPVPhWrur4cCZPDWDSsdGYvRBaKhDXlnNCD1b/Xi8cOTG2u703CTQuwgg=="
    },
    "node_modules/webrtc-adapter": {
      "version": "3.4.3",
      "resolved": "https://registry.npmjs.org/webrtc-adapter/-/webrtc-adapter-3.4.3.tgz",
      "integrity": "sha512-rz+SxzIEuHDbyTKhYffLmzSGX6+D/pOwoXKzS1pbR2PmMhBQTXCd7aYVhSoCcTHRcmcAR3OsFE8pbYFdy1qjbQ==",
      "dependencies": {
        "sdp": "^1.5.0"
      },
      "engines": {
        "node": ">=6.0.0",
        "npm": ">=3.10.0"
      }
    }
  }
}
